
Microsoft Visual Studio Solution File, Format Version 12.00
# Visual Studio 15
VisualStudioVersion = 15.0.28307.539
MinimumVisualStudioVersion = 10.0.40219.1
Project("{9A19103F-16F7-4668-BE54-9A1E7A4F7556}") = "TimeTrackingServer", "TimeTrackingServer\TimeTrackingServer.csproj", "{90FB4F55-DF1E-462F-8491-904E2D229574}"
EndProject
Project("{FAE04EC0-301F-11D3-BF4B-00C04F79EFBC}") = "TimeTrackingClient", "TimeTrackingClient\TimeTrackingClient.csproj", "{1158C75D-C0ED-42FE-A00D-7691DF86B24C}"
EndProject
Global
	GlobalSection(SolutionConfigurationPlatforms) = preSolution
		Debug|Any CPU = Debug|Any CPU
		Release|Any CPU = Release|Any CPU
	EndGlobalSection
	GlobalSection(ProjectConfigurationPlatforms) = postSolution
		{90FB4F55-DF1E-462F-8491-904E2D229574}.Debug|Any CPU.ActiveCfg = Debug|Any CPU
		{90FB4F55-DF1E-462F-8491-904E2D229574}.Debug|Any CPU.Build.0 = Debug|Any CPU
		{90FB4F55-DF1E-462F-8491-904E2D229574}.Release|Any CPU.ActiveCfg = Release|Any CPU
		{90FB4F55-DF1E-462F-8491-904E2D229574}.Release|Any CPU.Build.0 = Release|Any CPU
		{1158C75D-C0ED-42FE-A00D-7691DF86B24C}.Debug|Any CPU.ActiveCfg = Debug|Any CPU
		{1158C75D-C0ED-42FE-A00D-7691DF86B24C}.Debug|Any CPU.Build.0 = Debug|Any CPU
		{1158C75D-C0ED-42FE-A00D-7691DF86B24C}.Release|Any CPU.ActiveCfg = Release|Any CPU
		{1158C75D-C0ED-42FE-A00D-7691DF86B24C}.Release|Any CPU.Build.0 = Release|Any CPU
	EndGlobalSection
	GlobalSection(SolutionProperties) = preSolution
		HideSolutionNode = FALSE
	EndGlobalSection
	GlobalSection(ExtensibilityGlobals) = postSolution
		SolutionGuid = {B0498129-41A5-476E-9E4D-C3752B3EC1A8}
	EndGlobalSection
EndGlobal
